
Microsoft Visual Studio Solution File, Format Version 12.00
# Visual Studio Version 17
VisualStudioVersion = 17.3.32929.385
MinimumVisualStudioVersion = 10.0.40219.1
Project("{FAE04EC0-301F-11D3-BF4B-00C04F79EFBC}") = "Yumyum.API", "Yumyum.API\Yumyum.API.csproj", "{B5BFC1A3-9488-4CB8-9622-7C766A1265A0}"
EndProject
Project("{FAE04EC0-301F-11D3-BF4B-00C04F79EFBC}") = "Yumyum.Data", "Yumyum.Data\Yumyum.Data.csproj", "{8602274F-97CC-471E-AAEE-6FCE738ABD1B}"
EndProject
Project("{FAE04EC0-301F-11D3-BF4B-00C04F79EFBC}") = "Yumyum.Core", "Yumyum.Core\Yumyum.Core.csproj", "{A6BCD5D2-B4C8-439D-B459-E0380BDAF354}"
EndProject
Project("{FAE04EC0-301F-11D3-BF4B-00C04F79EFBC}") = "Yumyum.Infrastructure", "Yumyum.Infrastructure\Yumyum.Infrastructure.csproj", "{5F14AA77-DB86-45FC-9B48-AD322503B3DA}"
EndProject
Global
	GlobalSection(SolutionConfigurationPlatforms) = preSolution
		Debug|Any CPU = Debug|Any CPU
		Release|Any CPU = Release|Any CPU
	EndGlobalSection
	GlobalSection(ProjectConfigurationPlatforms) = postSolution
		{B5BFC1A3-9488-4CB8-9622-7C766A1265A0}.Debug|Any CPU.ActiveCfg = Debug|Any CPU
		{B5BFC1A3-9488-4CB8-9622-7C766A1265A0}.Debug|Any CPU.Build.0 = Debug|Any CPU
		{B5BFC1A3-9488-4CB8-9622-7C766A1265A0}.Release|Any CPU.ActiveCfg = Release|Any CPU
		{B5BFC1A3-9488-4CB8-9622-7C766A1265A0}.Release|Any CPU.Build.0 = Release|Any CPU
		{8602274F-97CC-471E-AAEE-6FCE738ABD1B}.Debug|Any CPU.ActiveCfg = Debug|Any CPU
		{8602274F-97CC-471E-AAEE-6FCE738ABD1B}.Debug|Any CPU.Build.0 = Debug|Any CPU
		{8602274F-97CC-471E-AAEE-6FCE738ABD1B}.Release|Any CPU.ActiveCfg = Release|Any CPU
		{8602274F-97CC-471E-AAEE-6FCE738ABD1B}.Release|Any CPU.Build.0 = Release|Any CPU
		{A6BCD5D2-B4C8-439D-B459-E0380BDAF354}.Debug|Any CPU.ActiveCfg = Debug|Any CPU
		{A6BCD5D2-B4C8-439D-B459-E0380BDAF354}.Debug|Any CPU.Build.0 = Debug|Any CPU
		{A6BCD5D2-B4C8-439D-B459-E0380BDAF354}.Release|Any CPU.ActiveCfg = Release|Any CPU
		{A6BCD5D2-B4C8-439D-B459-E0380BDAF354}.Release|Any CPU.Build.0 = Release|Any CPU
		{5F14AA77-DB86-45FC-9B48-AD322503B3DA}.Debug|Any CPU.ActiveCfg = Debug|Any CPU
		{5F14AA77-DB86-45FC-9B48-AD322503B3DA}.Debug|Any CPU.Build.0 = Debug|Any CPU
		{5F14AA77-DB86-45FC-9B48-AD322503B3DA}.Release|Any CPU.ActiveCfg = Release|Any CPU
		{5F14AA77-DB86-45FC-9B48-AD322503B3DA}.Release|Any CPU.Build.0 = Release|Any CPU
	EndGlobalSection
	GlobalSection(SolutionProperties) = preSolution
		HideSolutionNode = FALSE
	EndGlobalSection
	GlobalSection(ExtensibilityGlobals) = postSolution
		SolutionGuid = {1C887CAA-5278-43F2-93DD-93A9BB43D5D8}
	EndGlobalSection
EndGlobal
